// !$*UTF8*$!
{
	archiveVersion = 1;
	classes = {
	};
	objectVersion = 50;
	objects = {

/* Begin PBXBuildFile section */
		636A7AC523462FA200207D7D /* BlockScorer.cpp in Sources */ = {isa = PBXBuildFile; fileRef = 636A7A802346289A00207D7D /* BlockScorer.cpp */; };
		636A7AC623462FA200207D7D /* choiceInfo.cpp in Sources */ = {isa = PBXBuildFile; fileRef = 636A7A9A2346289B00207D7D /* choiceInfo.cpp */; };
		636A7AC723462FA200207D7D /* configInfo.cpp in Sources */ = {isa = PBXBuildFile; fileRef = 636A7A842346289A00207D7D /* configInfo.cpp */; };
		636A7AC823462FA200207D7D /* driver.cpp in Sources */ = {isa = PBXBuildFile; fileRef = 636A7A6A2346278100207D7D /* driver.cpp */; };
		636A7AC923462FA200207D7D /* eval.cpp in Sources */ = {isa = PBXBuildFile; fileRef = 636A7A8D2346289A00207D7D /* eval.cpp */; };
		636A7ACA23462FA200207D7D /* forceBlockScorer.cpp in Sources */ = {isa = PBXBuildFile; fileRef = 636A7A8E2346289A00207D7D /* forceBlockScorer.cpp */; };
		636A7ACB23462FA200207D7D /* forceScorer.cpp in Sources */ = {isa = PBXBuildFile; fileRef = 636A7AA72346289B00207D7D /* forceScorer.cpp */; };
		636A7ACC23462FA200207D7D /* Kconfig2Logic.cpp in Sources */ = {isa = PBXBuildFile; fileRef = 636A7A6B2346278100207D7D /* Kconfig2Logic.cpp */; };
		636A7ACD23462FA200207D7D /* ifInfo.cpp in Sources */ = {isa = PBXBuildFile; fileRef = 636A7A672346278100207D7D /* ifInfo.cpp */; };
		636A7ACE23462FA200207D7D /* maxOccSorter.cpp in Sources */ = {isa = PBXBuildFile; fileRef = 636A7AA22346289B00207D7D /* maxOccSorter.cpp */; };
		636A7ACF23462FA200207D7D /* MenuBlock.cpp in Sources */ = {isa = PBXBuildFile; fileRef = 636A7A7E2346289A00207D7D /* MenuBlock.cpp */; };
		636A7AD023462FA200207D7D /* minOccSorter.cpp in Sources */ = {isa = PBXBuildFile; fileRef = 636A7A9B2346289B00207D7D /* minOccSorter.cpp */; };
		636A7AD123462FA200207D7D /* MultiComponents.cpp in Sources */ = {isa = PBXBuildFile; fileRef = 636A7A972346289A00207D7D /* MultiComponents.cpp */; };
		636A7AD223462FA200207D7D /* mytime.cpp in Sources */ = {isa = PBXBuildFile; fileRef = 636A7A822346289A00207D7D /* mytime.cpp */; };
		636A7AD323462FA200207D7D /* OneComponent.cpp in Sources */ = {isa = PBXBuildFile; fileRef = 636A7A812346289A00207D7D /* OneComponent.cpp */; };
		636A7AD423462FA200207D7D /* OtherScorer.cpp in Sources */ = {isa = PBXBuildFile; fileRef = 636A7AC223462BD900207D7D /* OtherScorer.cpp */; };
		636A7AD623462FA200207D7D /* PermScorer.cpp in Sources */ = {isa = PBXBuildFile; fileRef = 636A7A8F2346289A00207D7D /* PermScorer.cpp */; };
		636A7AD723462FA200207D7D /* RandomScorer.cpp in Sources */ = {isa = PBXBuildFile; fileRef = 636A7A9E2346289B00207D7D /* RandomScorer.cpp */; };
		636A7AD923462FA200207D7D /* Scorer.cpp in Sources */ = {isa = PBXBuildFile; fileRef = 636A7AA32346289B00207D7D /* Scorer.cpp */; };
		636A7ADC23462FA200207D7D /* SiftScorer.cpp in Sources */ = {isa = PBXBuildFile; fileRef = 636A7A912346289A00207D7D /* SiftScorer.cpp */; };
		636A7ADD23462FA200207D7D /* symbolTable.cpp in Sources */ = {isa = PBXBuildFile; fileRef = 636A7A9C2346289B00207D7D /* symbolTable.cpp */; };
		636A7ADE23462FA200207D7D /* synExp.cpp in Sources */ = {isa = PBXBuildFile; fileRef = 636A7A7C2346289900207D7D /* synExp.cpp */; };
		636A7ADF23462FA200207D7D /* variableSorter.cpp in Sources */ = {isa = PBXBuildFile; fileRef = 636A7A892346289A00207D7D /* variableSorter.cpp */; };
		636A7AE023462FA200207D7D /* varInfo.cpp in Sources */ = {isa = PBXBuildFile; fileRef = 636A7A782346289900207D7D /* varInfo.cpp */; };
		636A7AE42346319500207D7D /* humanNums.cpp in Sources */ = {isa = PBXBuildFile; fileRef = 636A7AE22346319500207D7D /* humanNums.cpp */; };
		636A7AE62346336000207D7D /* parser.cpp in Sources */ = {isa = PBXBuildFile; fileRef = 636A7AE52346336000207D7D /* parser.cpp */; };
		636A7AEC23463B4600207D7D /* tokens.hash.cpp in Sources */ = {isa = PBXBuildFile; fileRef = 636A7AEB23463B4600207D7D /* tokens.hash.cpp */; };
		636A7BA52346587300207D7D /* scanner.cpp in Sources */ = {isa = PBXBuildFile; fileRef = 636A7BA42346587300207D7D /* scanner.cpp */; };
/* End PBXBuildFile section */

/* Begin PBXCopyFilesBuildPhase section */
		636A7A59234626FD00207D7D /* CopyFiles */ = {
			isa = PBXCopyFilesBuildPhase;
			buildActionMask = 2147483647;
			dstPath = /usr/share/man/man1/;
			dstSubfolderSpec = 0;
			files = (
			);
			runOnlyForDeploymentPostprocessing = 1;
		};
/* End PBXCopyFilesBuildPhase section */

/* Begin PBXFileReference section */
		636A7A5B234626FD00207D7D /* Kconfig2Logic */ = {isa = PBXFileReference; explicitFileType = "compiled.mach-o.executable"; includeInIndex = 0; path = Kconfig2Logic; sourceTree = BUILT_PRODUCTS_DIR; };
		636A7A652346278100207D7D /* ifInfo.hpp */ = {isa = PBXFileReference; fileEncoding = 4; lastKnownFileType = sourcecode.cpp.h; name = ifInfo.hpp; path = src/ifInfo.hpp; sourceTree = "<group>"; };
		636A7A662346278100207D7D /* tokens.gperf */ = {isa = PBXFileReference; fileEncoding = 4; lastKnownFileType = text; name = tokens.gperf; path = src/tokens.gperf; sourceTree = "<group>"; };
		636A7A672346278100207D7D /* ifInfo.cpp */ = {isa = PBXFileReference; fileEncoding = 4; lastKnownFileType = sourcecode.cpp.cpp; name = ifInfo.cpp; path = src/ifInfo.cpp; sourceTree = "<group>"; };
		636A7A692346278100207D7D /* driver.hpp */ = {isa = PBXFileReference; fileEncoding = 4; lastKnownFileType = sourcecode.cpp.h; name = driver.hpp; path = src/driver.hpp; sourceTree = "<group>"; };
		636A7A6A2346278100207D7D /* driver.cpp */ = {isa = PBXFileReference; fileEncoding = 4; lastKnownFileType = sourcecode.cpp.cpp; name = driver.cpp; path = src/driver.cpp; sourceTree = "<group>"; };
		636A7A6B2346278100207D7D /* Kconfig2Logic.cpp */ = {isa = PBXFileReference; fileEncoding = 4; lastKnownFileType = sourcecode.cpp.cpp; name = Kconfig2Logic.cpp; path = src/Kconfig2Logic.cpp; sourceTree = "<group>"; };
		636A7A6D2346278100207D7D /* parser.ypp */ = {isa = PBXFileReference; fileEncoding = 4; lastKnownFileType = sourcecode.yacc; name = parser.ypp; path = src/parser.ypp; sourceTree = "<group>"; };
		636A7A6E2346278100207D7D /* scanner.hpp */ = {isa = PBXFileReference; fileEncoding = 4; lastKnownFileType = sourcecode.cpp.h; name = scanner.hpp; path = src/scanner.hpp; sourceTree = "<group>"; };
		636A7A6F2346278100207D7D /* tokens.hash.hpp */ = {isa = PBXFileReference; fileEncoding = 4; lastKnownFileType = sourcecode.cpp.h; name = tokens.hash.hpp; path = src/tokens.hash.hpp; sourceTree = "<group>"; };
		636A7A702346278100207D7D /* scanner.lpp */ = {isa = PBXFileReference; fileEncoding = 4; lastKnownFileType = sourcecode.lex; name = scanner.lpp; path = src/scanner.lpp; sourceTree = "<group>"; };
		636A7A772346289900207D7D /* forceScorer.hpp */ = {isa = PBXFileReference; fileEncoding = 4; lastKnownFileType = sourcecode.cpp.h; name = forceScorer.hpp; path = ../tools/src/forceScorer.hpp; sourceTree = "<group>"; };
		636A7A782346289900207D7D /* varInfo.cpp */ = {isa = PBXFileReference; fileEncoding = 4; lastKnownFileType = sourcecode.cpp.cpp; name = varInfo.cpp; path = ../tools/src/varInfo.cpp; sourceTree = "<group>"; };
		636A7A792346289900207D7D /* minOccSorter.hpp */ = {isa = PBXFileReference; fileEncoding = 4; lastKnownFileType = sourcecode.cpp.h; name = minOccSorter.hpp; path = ../tools/src/minOccSorter.hpp; sourceTree = "<group>"; };
		636A7A7A2346289900207D7D /* Components.hpp */ = {isa = PBXFileReference; fileEncoding = 4; lastKnownFileType = sourcecode.cpp.h; name = Components.hpp; path = ../tools/src/Components.hpp; sourceTree = "<group>"; };
		636A7A7B2346289900207D7D /* MenuBlock.hpp */ = {isa = PBXFileReference; fileEncoding = 4; lastKnownFileType = sourcecode.cpp.h; name = MenuBlock.hpp; path = ../tools/src/MenuBlock.hpp; sourceTree = "<group>"; };
		636A7A7C2346289900207D7D /* synExp.cpp */ = {isa = PBXFileReference; fileEncoding = 4; lastKnownFileType = sourcecode.cpp.cpp; name = synExp.cpp; path = ../tools/src/synExp.cpp; sourceTree = "<group>"; };
		636A7A7D2346289A00207D7D /* synExp.hpp */ = {isa = PBXFileReference; fileEncoding = 4; lastKnownFileType = sourcecode.cpp.h; name = synExp.hpp; path = ../tools/src/synExp.hpp; sourceTree = "<group>"; };
		636A7A7E2346289A00207D7D /* MenuBlock.cpp */ = {isa = PBXFileReference; fileEncoding = 4; lastKnownFileType = sourcecode.cpp.cpp; name = MenuBlock.cpp; path = ../tools/src/MenuBlock.cpp; sourceTree = "<group>"; };
		636A7A7F2346289A00207D7D /* maxOccSorter.hpp */ = {isa = PBXFileReference; fileEncoding = 4; lastKnownFileType = sourcecode.cpp.h; name = maxOccSorter.hpp; path = ../tools/src/maxOccSorter.hpp; sourceTree = "<group>"; };
		636A7A802346289A00207D7D /* BlockScorer.cpp */ = {isa = PBXFileReference; fileEncoding = 4; lastKnownFileType = sourcecode.cpp.cpp; name = BlockScorer.cpp; path = ../tools/src/BlockScorer.cpp; sourceTree = "<group>"; };
		636A7A812346289A00207D7D /* OneComponent.cpp */ = {isa = PBXFileReference; fileEncoding = 4; lastKnownFileType = sourcecode.cpp.cpp; name = OneComponent.cpp; path = ../tools/src/OneComponent.cpp; sourceTree = "<group>"; };
		636A7A822346289A00207D7D /* mytime.cpp */ = {isa = PBXFileReference; fileEncoding = 4; lastKnownFileType = sourcecode.cpp.cpp; name = mytime.cpp; path = ../tools/src/mytime.cpp; sourceTree = "<group>"; };
		636A7A832346289A00207D7D /* eval.hpp */ = {isa = PBXFileReference; fileEncoding = 4; lastKnownFileType = sourcecode.cpp.h; name = eval.hpp; path = ../tools/src/eval.hpp; sourceTree = "<group>"; };
		636A7A842346289A00207D7D /* configInfo.cpp */ = {isa = PBXFileReference; fileEncoding = 4; lastKnownFileType = sourcecode.cpp.cpp; name = configInfo.cpp; path = ../tools/src/configInfo.cpp; sourceTree = "<group>"; };
		636A7A852346289A00207D7D /* SiftScorer.hpp */ = {isa = PBXFileReference; fileEncoding = 4; lastKnownFileType = sourcecode.cpp.h; name = SiftScorer.hpp; path = ../tools/src/SiftScorer.hpp; sourceTree = "<group>"; };
		636A7A872346289A00207D7D /* variableSorter.hpp */ = {isa = PBXFileReference; fileEncoding = 4; lastKnownFileType = sourcecode.cpp.h; name = variableSorter.hpp; path = ../tools/src/variableSorter.hpp; sourceTree = "<group>"; };
		636A7A882346289A00207D7D /* Scorer.hpp */ = {isa = PBXFileReference; fileEncoding = 4; lastKnownFileType = sourcecode.cpp.h; name = Scorer.hpp; path = ../tools/src/Scorer.hpp; sourceTree = "<group>"; };
		636A7A892346289A00207D7D /* variableSorter.cpp */ = {isa = PBXFileReference; fileEncoding = 4; lastKnownFileType = sourcecode.cpp.cpp; name = variableSorter.cpp; path = ../tools/src/variableSorter.cpp; sourceTree = "<group>"; };
		636A7A8A2346289A00207D7D /* forceBlockScorer.hpp */ = {isa = PBXFileReference; fileEncoding = 4; lastKnownFileType = sourcecode.cpp.h; name = forceBlockScorer.hpp; path = ../tools/src/forceBlockScorer.hpp; sourceTree = "<group>"; };
		636A7A8B2346289A00207D7D /* symbolTable.hpp */ = {isa = PBXFileReference; fileEncoding = 4; lastKnownFileType = sourcecode.cpp.h; name = symbolTable.hpp; path = ../tools/src/symbolTable.hpp; sourceTree = "<group>"; };
		636A7A8C2346289A00207D7D /* OneComponent.hpp */ = {isa = PBXFileReference; fileEncoding = 4; lastKnownFileType = sourcecode.cpp.h; name = OneComponent.hpp; path = ../tools/src/OneComponent.hpp; sourceTree = "<group>"; };
		636A7A8D2346289A00207D7D /* eval.cpp */ = {isa = PBXFileReference; fileEncoding = 4; lastKnownFileType = sourcecode.cpp.cpp; name = eval.cpp; path = ../tools/src/eval.cpp; sourceTree = "<group>"; };
		636A7A8E2346289A00207D7D /* forceBlockScorer.cpp */ = {isa = PBXFileReference; fileEncoding = 4; lastKnownFileType = sourcecode.cpp.cpp; name = forceBlockScorer.cpp; path = ../tools/src/forceBlockScorer.cpp; sourceTree = "<group>"; };
		636A7A8F2346289A00207D7D /* PermScorer.cpp */ = {isa = PBXFileReference; fileEncoding = 4; lastKnownFileType = sourcecode.cpp.cpp; name = PermScorer.cpp; path = ../tools/src/PermScorer.cpp; sourceTree = "<group>"; };
		636A7A912346289A00207D7D /* SiftScorer.cpp */ = {isa = PBXFileReference; fileEncoding = 4; lastKnownFileType = sourcecode.cpp.cpp; name = SiftScorer.cpp; path = ../tools/src/SiftScorer.cpp; sourceTree = "<group>"; };
		636A7A922346289A00207D7D /* RandomScorer.hpp */ = {isa = PBXFileReference; fileEncoding = 4; lastKnownFileType = sourcecode.cpp.h; name = RandomScorer.hpp; path = ../tools/src/RandomScorer.hpp; sourceTree = "<group>"; };
		636A7A932346289A00207D7D /* choiceInfo.hpp */ = {isa = PBXFileReference; fileEncoding = 4; lastKnownFileType = sourcecode.cpp.h; name = choiceInfo.hpp; path = ../tools/src/choiceInfo.hpp; sourceTree = "<group>"; };
		636A7A952346289A00207D7D /* BlockScorer.hpp */ = {isa = PBXFileReference; fileEncoding = 4; lastKnownFileType = sourcecode.cpp.h; name = BlockScorer.hpp; path = ../tools/src/BlockScorer.hpp; sourceTree = "<group>"; };
		636A7A962346289A00207D7D /* configInfo.hpp */ = {isa = PBXFileReference; fileEncoding = 4; lastKnownFileType = sourcecode.cpp.h; name = configInfo.hpp; path = ../tools/src/configInfo.hpp; sourceTree = "<group>"; };
		636A7A972346289A00207D7D /* MultiComponents.cpp */ = {isa = PBXFileReference; fileEncoding = 4; lastKnownFileType = sourcecode.cpp.cpp; name = MultiComponents.cpp; path = ../tools/src/MultiComponents.cpp; sourceTree = "<group>"; };
		636A7A9A2346289B00207D7D /* choiceInfo.cpp */ = {isa = PBXFileReference; fileEncoding = 4; lastKnownFileType = sourcecode.cpp.cpp; name = choiceInfo.cpp; path = ../tools/src/choiceInfo.cpp; sourceTree = "<group>"; };
		636A7A9B2346289B00207D7D /* minOccSorter.cpp */ = {isa = PBXFileReference; fileEncoding = 4; lastKnownFileType = sourcecode.cpp.cpp; name = minOccSorter.cpp; path = ../tools/src/minOccSorter.cpp; sourceTree = "<group>"; };
		636A7A9C2346289B00207D7D /* symbolTable.cpp */ = {isa = PBXFileReference; fileEncoding = 4; lastKnownFileType = sourcecode.cpp.cpp; name = symbolTable.cpp; path = ../tools/src/symbolTable.cpp; sourceTree = "<group>"; };
		636A7A9D2346289B00207D7D /* varInfo.hpp */ = {isa = PBXFileReference; fileEncoding = 4; lastKnownFileType = sourcecode.cpp.h; name = varInfo.hpp; path = ../tools/src/varInfo.hpp; sourceTree = "<group>"; };
		636A7A9E2346289B00207D7D /* RandomScorer.cpp */ = {isa = PBXFileReference; fileEncoding = 4; lastKnownFileType = sourcecode.cpp.cpp; name = RandomScorer.cpp; path = ../tools/src/RandomScorer.cpp; sourceTree = "<group>"; };
		636A7A9F2346289B00207D7D /* kconf_id.hpp */ = {isa = PBXFileReference; fileEncoding = 4; lastKnownFileType = sourcecode.cpp.h; name = kconf_id.hpp; path = ../tools/src/kconf_id.hpp; sourceTree = "<group>"; };
		636A7AA02346289B00207D7D /* orderHelper.hpp */ = {isa = PBXFileReference; fileEncoding = 4; lastKnownFileType = sourcecode.cpp.h; name = orderHelper.hpp; path = ../tools/src/orderHelper.hpp; sourceTree = "<group>"; };
		636A7AA12346289B00207D7D /* MultiComponents.hpp */ = {isa = PBXFileReference; fileEncoding = 4; lastKnownFileType = sourcecode.cpp.h; name = MultiComponents.hpp; path = ../tools/src/MultiComponents.hpp; sourceTree = "<group>"; };
		636A7AA22346289B00207D7D /* maxOccSorter.cpp */ = {isa = PBXFileReference; fileEncoding = 4; lastKnownFileType = sourcecode.cpp.cpp; name = maxOccSorter.cpp; path = ../tools/src/maxOccSorter.cpp; sourceTree = "<group>"; };
		636A7AA32346289B00207D7D /* Scorer.cpp */ = {isa = PBXFileReference; fileEncoding = 4; lastKnownFileType = sourcecode.cpp.cpp; name = Scorer.cpp; path = ../tools/src/Scorer.cpp; sourceTree = "<group>"; };
		636A7AA62346289B00207D7D /* mytime.hpp */ = {isa = PBXFileReference; fileEncoding = 4; lastKnownFileType = sourcecode.cpp.h; name = mytime.hpp; path = ../tools/src/mytime.hpp; sourceTree = "<group>"; };
		636A7AA72346289B00207D7D /* forceScorer.cpp */ = {isa = PBXFileReference; fileEncoding = 4; lastKnownFileType = sourcecode.cpp.cpp; name = forceScorer.cpp; path = ../tools/src/forceScorer.cpp; sourceTree = "<group>"; };
		636A7AA82346289B00207D7D /* PermScorer.hpp */ = {isa = PBXFileReference; fileEncoding = 4; lastKnownFileType = sourcecode.cpp.h; name = PermScorer.hpp; path = ../tools/src/PermScorer.hpp; sourceTree = "<group>"; };
		636A7AC123462BD900207D7D /* OtherScorer.hpp */ = {isa = PBXFileReference; fileEncoding = 4; lastKnownFileType = sourcecode.cpp.h; name = OtherScorer.hpp; path = ../tools/src/OtherScorer.hpp; sourceTree = "<group>"; };
		636A7AC223462BD900207D7D /* OtherScorer.cpp */ = {isa = PBXFileReference; fileEncoding = 4; lastKnownFileType = sourcecode.cpp.cpp; name = OtherScorer.cpp; path = ../tools/src/OtherScorer.cpp; sourceTree = "<group>"; };
		636A7AE22346319500207D7D /* humanNums.cpp */ = {isa = PBXFileReference; fileEncoding = 4; lastKnownFileType = sourcecode.cpp.cpp; name = humanNums.cpp; path = ../tools/src/humanNums.cpp; sourceTree = "<group>"; };
		636A7AE32346319500207D7D /* humanNums.hpp */ = {isa = PBXFileReference; fileEncoding = 4; lastKnownFileType = sourcecode.cpp.h; name = humanNums.hpp; path = ../tools/src/humanNums.hpp; sourceTree = "<group>"; };
		636A7AE52346336000207D7D /* parser.cpp */ = {isa = PBXFileReference; lastKnownFileType = sourcecode.cpp.cpp; name = parser.cpp; path = src/parser.cpp; sourceTree = "<group>"; };
		636A7AEB23463B4600207D7D /* tokens.hash.cpp */ = {isa = PBXFileReference; lastKnownFileType = sourcecode.cpp.cpp; name = tokens.hash.cpp; path = src/tokens.hash.cpp; sourceTree = "<group>"; };
		636A7BA42346587300207D7D /* scanner.cpp */ = {isa = PBXFileReference; fileEncoding = 4; lastKnownFileType = sourcecode.cpp.cpp; name = scanner.cpp; path = src/scanner.cpp; sourceTree = "<group>"; };
/* End PBXFileReference section */

/* Begin PBXFrameworksBuildPhase section */
		636A7A58234626FD00207D7D /* Frameworks */ = {
			isa = PBXFrameworksBuildPhase;
			buildActionMask = 2147483647;
			files = (
			);
			runOnlyForDeploymentPostprocessing = 0;
		};
/* End PBXFrameworksBuildPhase section */

/* Begin PBXGroup section */
		636A7A52234626FD00207D7D = {
			isa = PBXGroup;
			children = (
				636A7A802346289A00207D7D /* BlockScorer.cpp */,
				636A7A952346289A00207D7D /* BlockScorer.hpp */,
				636A7A9A2346289B00207D7D /* choiceInfo.cpp */,
				636A7A932346289A00207D7D /* choiceInfo.hpp */,
				636A7A7A2346289900207D7D /* Components.hpp */,
				636A7A842346289A00207D7D /* configInfo.cpp */,
				636A7A962346289A00207D7D /* configInfo.hpp */,
				636A7A6A2346278100207D7D /* driver.cpp */,
				636A7A692346278100207D7D /* driver.hpp */,
				636A7A8D2346289A00207D7D /* eval.cpp */,
				636A7A832346289A00207D7D /* eval.hpp */,
				636A7A8E2346289A00207D7D /* forceBlockScorer.cpp */,
				636A7A8A2346289A00207D7D /* forceBlockScorer.hpp */,
				636A7AA72346289B00207D7D /* forceScorer.cpp */,
				636A7A772346289900207D7D /* forceScorer.hpp */,
				636A7A6B2346278100207D7D /* Kconfig2Logic.cpp */,
				636A7A9F2346289B00207D7D /* kconf_id.hpp */,
				636A7AE22346319500207D7D /* humanNums.cpp */,
				636A7AE32346319500207D7D /* humanNums.hpp */,
				636A7A672346278100207D7D /* ifInfo.cpp */,
				636A7A652346278100207D7D /* ifInfo.hpp */,
				636A7AA22346289B00207D7D /* maxOccSorter.cpp */,
				636A7A7F2346289A00207D7D /* maxOccSorter.hpp */,
				636A7A7E2346289A00207D7D /* MenuBlock.cpp */,
				636A7A7B2346289900207D7D /* MenuBlock.hpp */,
				636A7A9B2346289B00207D7D /* minOccSorter.cpp */,
				636A7A792346289900207D7D /* minOccSorter.hpp */,
				636A7A972346289A00207D7D /* MultiComponents.cpp */,
				636A7AA12346289B00207D7D /* MultiComponents.hpp */,
				636A7A822346289A00207D7D /* mytime.cpp */,
				636A7AA62346289B00207D7D /* mytime.hpp */,
				636A7A812346289A00207D7D /* OneComponent.cpp */,
				636A7A8C2346289A00207D7D /* OneComponent.hpp */,
				636A7AA02346289B00207D7D /* orderHelper.hpp */,
				636A7AC223462BD900207D7D /* OtherScorer.cpp */,
				636A7AC123462BD900207D7D /* OtherScorer.hpp */,
				636A7AE52346336000207D7D /* parser.cpp */,
				636A7A6D2346278100207D7D /* parser.ypp */,
				636A7A8F2346289A00207D7D /* PermScorer.cpp */,
				636A7AA82346289B00207D7D /* PermScorer.hpp */,
				636A7A9E2346289B00207D7D /* RandomScorer.cpp */,
				636A7A922346289A00207D7D /* RandomScorer.hpp */,
				636A7BA42346587300207D7D /* scanner.cpp */,
				636A7A6E2346278100207D7D /* scanner.hpp */,
				636A7A702346278100207D7D /* scanner.lpp */,
				636A7AA32346289B00207D7D /* Scorer.cpp */,
				636A7A882346289A00207D7D /* Scorer.hpp */,
				636A7A912346289A00207D7D /* SiftScorer.cpp */,
				636A7A852346289A00207D7D /* SiftScorer.hpp */,
				636A7A9C2346289B00207D7D /* symbolTable.cpp */,
				636A7A8B2346289A00207D7D /* symbolTable.hpp */,
				636A7A7C2346289900207D7D /* synExp.cpp */,
				636A7A7D2346289A00207D7D /* synExp.hpp */,
				636A7A892346289A00207D7D /* variableSorter.cpp */,
				636A7A872346289A00207D7D /* variableSorter.hpp */,
				636A7A782346289900207D7D /* varInfo.cpp */,
				636A7A9D2346289B00207D7D /* varInfo.hpp */,
				636A7A662346278100207D7D /* tokens.gperf */,
				636A7AEB23463B4600207D7D /* tokens.hash.cpp */,
				636A7A6F2346278100207D7D /* tokens.hash.hpp */,
				636A7A5C234626FD00207D7D /* Products */,
			);
			sourceTree = "<group>";
		};
		636A7A5C234626FD00207D7D /* Products */ = {
			isa = PBXGroup;
			children = (
				636A7A5B234626FD00207D7D /* Kconfig2Logic */,
			);
			name = Products;
			sourceTree = "<group>";
		};
/* End PBXGroup section */

/* Begin PBXNativeTarget section */
		636A7A5A234626FD00207D7D /* Kconfig2Logic */ = {
			isa = PBXNativeTarget;
			buildConfigurationList = 636A7A62234626FD00207D7D /* Build configuration list for PBXNativeTarget "Kconfig2Logic" */;
			buildPhases = (
				636A7AC423462D0700207D7D /* ShellScript */,
				636A7A57234626FD00207D7D /* Sources */,
				636A7A58234626FD00207D7D /* Frameworks */,
				636A7A59234626FD00207D7D /* CopyFiles */,
				636A7AED23463B5D00207D7D /* ShellScript */,
			);
			buildRules = (
			);
			dependencies = (
			);
			name = Kconfig2Logic;
			productName = Kconfig2Logic;
			productReference = 636A7A5B234626FD00207D7D /* Kconfig2Logic */;
			productType = "com.apple.product-type.tool";
		};
/* End PBXNativeTarget section */

/* Begin PBXProject section */
		636A7A53234626FD00207D7D /* Project object */ = {
			isa = PBXProject;
			attributes = {
				LastUpgradeCheck = 1110;
				ORGANIZATIONNAME = "David Fernandez Amoros";
				TargetAttributes = {
					636A7A5A234626FD00207D7D = {
						CreatedOnToolsVersion = 11.0;
					};
				};
			};
			buildConfigurationList = 636A7A56234626FD00207D7D /* Build configuration list for PBXProject "Kconfig2Logic" */;
			compatibilityVersion = "Xcode 9.3";
			developmentRegion = en;
			hasScannedForEncodings = 0;
			knownRegions = (
				en,
				Base,
			);
			mainGroup = 636A7A52234626FD00207D7D;
			productRefGroup = 636A7A5C234626FD00207D7D /* Products */;
			projectDirPath = "";
			projectRoot = "";
			targets = (
				636A7A5A234626FD00207D7D /* Kconfig2Logic */,
			);
		};
/* End PBXProject section */

/* Begin PBXShellScriptBuildPhase section */
		636A7AC423462D0700207D7D /* ShellScript */ = {
			isa = PBXShellScriptBuildPhase;
			buildActionMask = 2147483647;
			files = (
			);
			inputFileListPaths = (
			);
			inputPaths = (
			);
			outputFileListPaths = (
			);
			outputPaths = (
			);
			runOnlyForDeploymentPostprocessing = 0;
			shellPath = /bin/sh;
			shellScript = "/opt/local/bin/gperf -a -C -E -g -k '1,3,$' -P <src/tokens.gperf >src/tokens.hash.cpp\n/opt/local/bin/flex --c++ -L  -o src/scanner.cpp src/scanner.lpp\n/opt/local/bin/bison -Wno-conflicts-sr -v -o src/parser.cpp -t -b src/parser  src/parser.ypp \n";
		};
		636A7AED23463B5D00207D7D /* ShellScript */ = {
			isa = PBXShellScriptBuildPhase;
			buildActionMask = 2147483647;
			files = (
			);
			inputFileListPaths = (
			);
			inputPaths = (
			);
			outputFileListPaths = (
			);
			outputPaths = (
			);
			runOnlyForDeploymentPostprocessing = 0;
			shellPath = /bin/sh;
			shellScript = "cp $BUILD_DIR/Debug/Kconfig2Logic ../bin\n";
		};
/* End PBXShellScriptBuildPhase section */

/* Begin PBXSourcesBuildPhase section */
		636A7A57234626FD00207D7D /* Sources */ = {
			isa = PBXSourcesBuildPhase;
			buildActionMask = 2147483647;
			files = (
				636A7AC523462FA200207D7D /* BlockScorer.cpp in Sources */,
				636A7AC623462FA200207D7D /* choiceInfo.cpp in Sources */,
				636A7AC723462FA200207D7D /* configInfo.cpp in Sources */,
				636A7AC823462FA200207D7D /* driver.cpp in Sources */,
				636A7AC923462FA200207D7D /* eval.cpp in Sources */,
				636A7ACA23462FA200207D7D /* forceBlockScorer.cpp in Sources */,
				636A7ACB23462FA200207D7D /* forceScorer.cpp in Sources */,
				636A7ACC23462FA200207D7D /* Kconfig2Logic.cpp in Sources */,
				636A7AE42346319500207D7D /* humanNums.cpp in Sources */,
				636A7ACD23462FA200207D7D /* ifInfo.cpp in Sources */,
				636A7ACE23462FA200207D7D /* maxOccSorter.cpp in Sources */,
				636A7ACF23462FA200207D7D /* MenuBlock.cpp in Sources */,
				636A7AD023462FA200207D7D /* minOccSorter.cpp in Sources */,
				636A7AD123462FA200207D7D /* MultiComponents.cpp in Sources */,
				636A7AD223462FA200207D7D /* mytime.cpp in Sources */,
				636A7AD323462FA200207D7D /* OneComponent.cpp in Sources */,
				636A7AD423462FA200207D7D /* OtherScorer.cpp in Sources */,
				636A7AE62346336000207D7D /* parser.cpp in Sources */,
				636A7BA52346587300207D7D /* scanner.cpp in Sources */,
				636A7AD623462FA200207D7D /* PermScorer.cpp in Sources */,
				636A7AD723462FA200207D7D /* RandomScorer.cpp in Sources */,
				636A7AD923462FA200207D7D /* Scorer.cpp in Sources */,
				636A7ADC23462FA200207D7D /* SiftScorer.cpp in Sources */,
				636A7ADD23462FA200207D7D /* symbolTable.cpp in Sources */,
				636A7ADE23462FA200207D7D /* synExp.cpp in Sources */,
				636A7AEC23463B4600207D7D /* tokens.hash.cpp in Sources */,
				636A7ADF23462FA200207D7D /* variableSorter.cpp in Sources */,
				636A7AE023462FA200207D7D /* varInfo.cpp in Sources */,
			);
			runOnlyForDeploymentPostprocessing = 0;
		};
/* End PBXSourcesBuildPhase section */

/* Begin XCBuildConfiguration section */
		636A7A60234626FD00207D7D /* Debug */ = {
			isa = XCBuildConfiguration;
			buildSettings = {
				ALWAYS_SEARCH_USER_PATHS = NO;
				CLANG_ANALYZER_NONNULL = YES;
				CLANG_ANALYZER_NUMBER_OBJECT_CONVERSION = YES_AGGRESSIVE;
				CLANG_CXX_LANGUAGE_STANDARD = "gnu++14";
				CLANG_CXX_LIBRARY = "libc++";
				CLANG_ENABLE_MODULES = YES;
				CLANG_ENABLE_OBJC_ARC = YES;
				CLANG_ENABLE_OBJC_WEAK = YES;
				CLANG_WARN_BLOCK_CAPTURE_AUTORELEASING = YES;
				CLANG_WARN_BOOL_CONVERSION = YES;
				CLANG_WARN_COMMA = YES;
				CLANG_WARN_CONSTANT_CONVERSION = YES;
				CLANG_WARN_DEPRECATED_OBJC_IMPLEMENTATIONS = YES;
				CLANG_WARN_DIRECT_OBJC_ISA_USAGE = YES_ERROR;
				CLANG_WARN_DOCUMENTATION_COMMENTS = YES;
				CLANG_WARN_EMPTY_BODY = YES;
				CLANG_WARN_ENUM_CONVERSION = YES;
				CLANG_WARN_INFINITE_RECURSION = YES;
				CLANG_WARN_INT_CONVERSION = YES;
				CLANG_WARN_NON_LITERAL_NULL_CONVERSION = YES;
				CLANG_WARN_OBJC_IMPLICIT_RETAIN_SELF = YES;
				CLANG_WARN_OBJC_LITERAL_CONVERSION = YES;
				CLANG_WARN_OBJC_ROOT_CLASS = YES_ERROR;
				CLANG_WARN_RANGE_LOOP_ANALYSIS = YES;
				CLANG_WARN_STRICT_PROTOTYPES = YES;
				CLANG_WARN_SUSPICIOUS_MOVE = YES;
				CLANG_WARN_UNGUARDED_AVAILABILITY = YES_AGGRESSIVE;
				CLANG_WARN_UNREACHABLE_CODE = YES;
				CLANG_WARN__DUPLICATE_METHOD_MATCH = YES;
				COPY_PHASE_STRIP = NO;
				DEBUG_INFORMATION_FORMAT = dwarf;
				ENABLE_STRICT_OBJC_MSGSEND = YES;
				ENABLE_TESTABILITY = YES;
				GCC_C_LANGUAGE_STANDARD = gnu11;
				GCC_DYNAMIC_NO_PIC = NO;
				GCC_NO_COMMON_BLOCKS = YES;
				GCC_OPTIMIZATION_LEVEL = 0;
				GCC_PREPROCESSOR_DEFINITIONS = (
					"DEBUG=1",
					"$(inherited)",
				);
				GCC_WARN_64_TO_32_BIT_CONVERSION = YES;
				GCC_WARN_ABOUT_RETURN_TYPE = YES_ERROR;
				GCC_WARN_UNDECLARED_SELECTOR = YES;
				GCC_WARN_UNINITIALIZED_AUTOS = YES_AGGRESSIVE;
				GCC_WARN_UNUSED_FUNCTION = YES;
				GCC_WARN_UNUSED_VARIABLE = YES;
				MACOSX_DEPLOYMENT_TARGET = 10.14;
				MTL_ENABLE_DEBUG_INFO = INCLUDE_SOURCE;
				MTL_FAST_MATH = YES;
				ONLY_ACTIVE_ARCH = YES;
				OTHER_LDFLAGS = "-Wl,-stack_size,0x40000000,-stack_addr,0xf0000000";
				SDKROOT = macosx;
			};
			name = Debug;
		};
		636A7A61234626FD00207D7D /* Release */ = {
			isa = XCBuildConfiguration;
			buildSettings = {
				ALWAYS_SEARCH_USER_PATHS = NO;
				CLANG_ANALYZER_NONNULL = YES;
				CLANG_ANALYZER_NUMBER_OBJECT_CONVERSION = YES_AGGRESSIVE;
				CLANG_CXX_LANGUAGE_STANDARD = "gnu++14";
				CLANG_CXX_LIBRARY = "libc++";
				CLANG_ENABLE_MODULES = YES;
				CLANG_ENABLE_OBJC_ARC = YES;
				CLANG_ENABLE_OBJC_WEAK = YES;
				CLANG_WARN_BLOCK_CAPTURE_AUTORELEASING = YES;
				CLANG_WARN_BOOL_CONVERSION = YES;
				CLANG_WARN_COMMA = YES;
				CLANG_WARN_CONSTANT_CONVERSION = YES;
				CLANG_WARN_DEPRECATED_OBJC_IMPLEMENTATIONS = YES;
				CLANG_WARN_DIRECT_OBJC_ISA_USAGE = YES_ERROR;
				CLANG_WARN_DOCUMENTATION_COMMENTS = YES;
				CLANG_WARN_EMPTY_BODY = YES;
				CLANG_WARN_ENUM_CONVERSION = YES;
				CLANG_WARN_INFINITE_RECURSION = YES;
				CLANG_WARN_INT_CONVERSION = YES;
				CLANG_WARN_NON_LITERAL_NULL_CONVERSION = YES;
				CLANG_WARN_OBJC_IMPLICIT_RETAIN_SELF = YES;
				CLANG_WARN_OBJC_LITERAL_CONVERSION = YES;
				CLANG_WARN_OBJC_ROOT_CLASS = YES_ERROR;
				CLANG_WARN_RANGE_LOOP_ANALYSIS = YES;
				CLANG_WARN_STRICT_PROTOTYPES = YES;
				CLANG_WARN_SUSPICIOUS_MOVE = YES;
				CLANG_WARN_UNGUARDED_AVAILABILITY = YES_AGGRESSIVE;
				CLANG_WARN_UNREACHABLE_CODE = YES;
				CLANG_WARN__DUPLICATE_METHOD_MATCH = YES;
				COPY_PHASE_STRIP = NO;
				DEBUG_INFORMATION_FORMAT = "dwarf-with-dsym";
				ENABLE_NS_ASSERTIONS = NO;
				ENABLE_STRICT_OBJC_MSGSEND = YES;
				GCC_C_LANGUAGE_STANDARD = gnu11;
				GCC_NO_COMMON_BLOCKS = YES;
				GCC_WARN_64_TO_32_BIT_CONVERSION = YES;
				GCC_WARN_ABOUT_RETURN_TYPE = YES_ERROR;
				GCC_WARN_UNDECLARED_SELECTOR = YES;
				GCC_WARN_UNINITIALIZED_AUTOS = YES_AGGRESSIVE;
				GCC_WARN_UNUSED_FUNCTION = YES;
				GCC_WARN_UNUSED_VARIABLE = YES;
				MACOSX_DEPLOYMENT_TARGET = 10.14;
				MTL_ENABLE_DEBUG_INFO = NO;
				MTL_FAST_MATH = YES;
				OTHER_LDFLAGS = "-Wl,-stack_size,0x40000000,-stack_addr,0xf0000000";
				SDKROOT = macosx;
			};
			name = Release;
		};
		636A7A63234626FD00207D7D /* Debug */ = {
			isa = XCBuildConfiguration;
			buildSettings = {
				CLANG_WARN_DOCUMENTATION_COMMENTS = NO;
				CODE_SIGN_IDENTITY = "-";
				CODE_SIGN_STYLE = Automatic;
				GCC_WARN_64_TO_32_BIT_CONVERSION = NO;
				HEADER_SEARCH_PATHS = (
					/usr/local/include,
					/opt/local/include,
				);
				LIBRARY_SEARCH_PATHS = (
					/usr/local/lib,
					/opt/local/lib,
				);
				PRODUCT_NAME = "$(TARGET_NAME)";
			};
			name = Debug;
		};
		636A7A64234626FD00207D7D /* Release */ = {
			isa = XCBuildConfiguration;
			buildSettings = {
				CLANG_WARN_DOCUMENTATION_COMMENTS = NO;
				CODE_SIGN_IDENTITY = "-";
				CODE_SIGN_STYLE = Automatic;
				GCC_WARN_64_TO_32_BIT_CONVERSION = NO;
				HEADER_SEARCH_PATHS = (
					/usr/local/include,
					/opt/local/include,
				);
				LIBRARY_SEARCH_PATHS = (
					/usr/local/lib,
					/opt/local/lib,
				);
				PRODUCT_NAME = "$(TARGET_NAME)";
			};
			name = Release;
		};
/* End XCBuildConfiguration section */

/* Begin XCConfigurationList section */
		636A7A56234626FD00207D7D /* Build configuration list for PBXProject "Kconfig2Logic" */ = {
			isa = XCConfigurationList;
			buildConfigurations = (
				636A7A60234626FD00207D7D /* Debug */,
				636A7A61234626FD00207D7D /* Release */,
			);
			defaultConfigurationIsVisible = 0;
			defaultConfigurationName = Release;
		};
		636A7A62234626FD00207D7D /* Build configuration list for PBXNativeTarget "Kconfig2Logic" */ = {
			isa = XCConfigurationList;
			buildConfigurations = (
				636A7A63234626FD00207D7D /* Debug */,
				636A7A64234626FD00207D7D /* Release */,
			);
			defaultConfigurationIsVisible = 0;
			defaultConfigurationName = Release;
		};
/* End XCConfigurationList section */
	};
	rootObject = 636A7A53234626FD00207D7D /* Project object */;
}
